
Microsoft Visual Studio Solution File, Format Version 12.00
# Visual Studio Version 17
VisualStudioVersion = 17.11.35222.181
MinimumVisualStudioVersion = 10.0.40219.1
Project("{9A19103F-16F7-4668-BE54-9A1E7A4F7556}") = "Shschedrov Bohdan Laboratorna 2", "Shschedrov Bohdan Laboratorna 2\Shschedrov Bohdan Laboratorna 2.csproj", "{1BA81507-B482-4F97-8A4F-15878D2DBE63}"
EndProject
Global
	GlobalSection(SolutionConfigurationPlatforms) = preSolution
		Debug|Any CPU = Debug|Any CPU
		Release|Any CPU = Release|Any CPU
	EndGlobalSection
	GlobalSection(ProjectConfigurationPlatforms) = postSolution
		{1BA81507-B482-4F97-8A4F-15878D2DBE63}.Debug|Any CPU.ActiveCfg = Debug|Any CPU
		{1BA81507-B482-4F97-8A4F-15878D2DBE63}.Debug|Any CPU.Build.0 = Debug|Any CPU
		{1BA81507-B482-4F97-8A4F-15878D2DBE63}.Release|Any CPU.ActiveCfg = Release|Any CPU
		{1BA81507-B482-4F97-8A4F-15878D2DBE63}.Release|Any CPU.Build.0 = Release|Any CPU
	EndGlobalSection
	GlobalSection(SolutionProperties) = preSolution
		HideSolutionNode = FALSE
	EndGlobalSection
	GlobalSection(ExtensibilityGlobals) = postSolution
		SolutionGuid = {E92BC257-D9CF-43F7-80C0-D4408A10BDD2}
	EndGlobalSection
EndGlobal
